
Microsoft Visual Studio Solution File, Format Version 12.00
# Visual Studio Version 17
VisualStudioVersion = 17.3.32825.248
MinimumVisualStudioVersion = 10.0.40219.1
Project("{FAE04EC0-301F-11D3-BF4B-00C04F79EFBC}") = "NET6AspNetCoreMvc", "NET6AspNetCoreMvc\NET6AspNetCoreMvc.csproj", "{0BBDF5F0-B6A9-424A-BE37-E3E69ED277ED}"
EndProject
Global
	GlobalSection(SolutionConfigurationPlatforms) = preSolution
		Debug|Any CPU = Debug|Any CPU
		Release|Any CPU = Release|Any CPU
	EndGlobalSection
	GlobalSection(ProjectConfigurationPlatforms) = postSolution
		{0BBDF5F0-B6A9-424A-BE37-E3E69ED277ED}.Debug|Any CPU.ActiveCfg = Debug|Any CPU
		{0BBDF5F0-B6A9-424A-BE37-E3E69ED277ED}.Debug|Any CPU.Build.0 = Debug|Any CPU
		{0BBDF5F0-B6A9-424A-BE37-E3E69ED277ED}.Release|Any CPU.ActiveCfg = Release|Any CPU
		{0BBDF5F0-B6A9-424A-BE37-E3E69ED277ED}.Release|Any CPU.Build.0 = Release|Any CPU
	EndGlobalSection
	GlobalSection(SolutionProperties) = preSolution
		HideSolutionNode = FALSE
	EndGlobalSection
	GlobalSection(ExtensibilityGlobals) = postSolution
		SolutionGuid = {FD9E10F6-55CF-4BE7-BE58-733257447004}
	EndGlobalSection
EndGlobal
